
Microsoft Visual Studio Solution File, Format Version 12.00
# Visual Studio Version 17
VisualStudioVersion = 17.14.36429.23
MinimumVisualStudioVersion = 10.0.40219.1
Project("{FAE04EC0-301F-11D3-BF4B-00C04F79EFBC}") = "Blazor", "Blazor\Blazor.csproj", "{5C5A43CA-3FA6-42F4-8276-B1B8A2A9B522}"
EndProject
Global
	GlobalSection(SolutionConfigurationPlatforms) = preSolution
		Debug|Any CPU = Debug|Any CPU
		Release|Any CPU = Release|Any CPU
	EndGlobalSection
	GlobalSection(ProjectConfigurationPlatforms) = postSolution
		{5C5A43CA-3FA6-42F4-8276-B1B8A2A9B522}.Debug|Any CPU.ActiveCfg = Debug|Any CPU
		{5C5A43CA-3FA6-42F4-8276-B1B8A2A9B522}.Debug|Any CPU.Build.0 = Debug|Any CPU
		{5C5A43CA-3FA6-42F4-8276-B1B8A2A9B522}.Release|Any CPU.ActiveCfg = Release|Any CPU
		{5C5A43CA-3FA6-42F4-8276-B1B8A2A9B522}.Release|Any CPU.Build.0 = Release|Any CPU
	EndGlobalSection
	GlobalSection(SolutionProperties) = preSolution
		HideSolutionNode = FALSE
	EndGlobalSection
	GlobalSection(ExtensibilityGlobals) = postSolution
		SolutionGuid = {E555E6C3-4514-426A-A011-3B269E192C8C}
	EndGlobalSection
EndGlobal
