
Microsoft Visual Studio Solution File, Format Version 12.00
# Visual Studio Version 17
VisualStudioVersion = 17.14.36429.23
MinimumVisualStudioVersion = 10.0.40219.1
Project("{FAE04EC0-301F-11D3-BF4B-00C04F79EFBC}") = "Blazor", "Blazor\Blazor.csproj", "{5C5A43CA-3FA6-42F4-8276-B1B8A2A9B522}"
EndProject
Project("{FAE04EC0-301F-11D3-BF4B-00C04F79EFBC}") = "TODOlist", "TODOlist\TODOlist.csproj", "{DC5995B4-0492-4917-97EC-5D513744C6B9}"
EndProject
Project("{FAE04EC0-301F-11D3-BF4B-00C04F79EFBC}") = "MyConverter", "MyConverter\MyConverter.csproj", "{BE033463-CED7-4DD3-B0D1-1AA5BD54806C}"
EndProject
Project("{FAE04EC0-301F-11D3-BF4B-00C04F79EFBC}") = "Movies", "Movies\Movies.csproj", "{E36192E1-2BD8-4C62-B9B4-4B49436E5900}"
EndProject
Project("{FAE04EC0-301F-11D3-BF4B-00C04F79EFBC}") = "Academy", "Academy\Academy.csproj", "{623174B8-2709-47D5-B3D0-40E1EE2AFF74}"
EndProject
Global
	GlobalSection(SolutionConfigurationPlatforms) = preSolution
		Debug|Any CPU = Debug|Any CPU
		Release|Any CPU = Release|Any CPU
	EndGlobalSection
	GlobalSection(ProjectConfigurationPlatforms) = postSolution
		{5C5A43CA-3FA6-42F4-8276-B1B8A2A9B522}.Debug|Any CPU.ActiveCfg = Debug|Any CPU
		{5C5A43CA-3FA6-42F4-8276-B1B8A2A9B522}.Debug|Any CPU.Build.0 = Debug|Any CPU
		{5C5A43CA-3FA6-42F4-8276-B1B8A2A9B522}.Release|Any CPU.ActiveCfg = Release|Any CPU
		{5C5A43CA-3FA6-42F4-8276-B1B8A2A9B522}.Release|Any CPU.Build.0 = Release|Any CPU
		{DC5995B4-0492-4917-97EC-5D513744C6B9}.Debug|Any CPU.ActiveCfg = Debug|Any CPU
		{DC5995B4-0492-4917-97EC-5D513744C6B9}.Debug|Any CPU.Build.0 = Debug|Any CPU
		{DC5995B4-0492-4917-97EC-5D513744C6B9}.Release|Any CPU.ActiveCfg = Release|Any CPU
		{DC5995B4-0492-4917-97EC-5D513744C6B9}.Release|Any CPU.Build.0 = Release|Any CPU
		{BE033463-CED7-4DD3-B0D1-1AA5BD54806C}.Debug|Any CPU.ActiveCfg = Debug|Any CPU
		{BE033463-CED7-4DD3-B0D1-1AA5BD54806C}.Debug|Any CPU.Build.0 = Debug|Any CPU
		{BE033463-CED7-4DD3-B0D1-1AA5BD54806C}.Release|Any CPU.ActiveCfg = Release|Any CPU
		{BE033463-CED7-4DD3-B0D1-1AA5BD54806C}.Release|Any CPU.Build.0 = Release|Any CPU
		{E36192E1-2BD8-4C62-B9B4-4B49436E5900}.Debug|Any CPU.ActiveCfg = Debug|Any CPU
		{E36192E1-2BD8-4C62-B9B4-4B49436E5900}.Debug|Any CPU.Build.0 = Debug|Any CPU
		{E36192E1-2BD8-4C62-B9B4-4B49436E5900}.Release|Any CPU.ActiveCfg = Release|Any CPU
		{E36192E1-2BD8-4C62-B9B4-4B49436E5900}.Release|Any CPU.Build.0 = Release|Any CPU
		{623174B8-2709-47D5-B3D0-40E1EE2AFF74}.Debug|Any CPU.ActiveCfg = Debug|Any CPU
		{623174B8-2709-47D5-B3D0-40E1EE2AFF74}.Debug|Any CPU.Build.0 = Debug|Any CPU
		{623174B8-2709-47D5-B3D0-40E1EE2AFF74}.Release|Any CPU.ActiveCfg = Release|Any CPU
		{623174B8-2709-47D5-B3D0-40E1EE2AFF74}.Release|Any CPU.Build.0 = Release|Any CPU
	EndGlobalSection
	GlobalSection(SolutionProperties) = preSolution
		HideSolutionNode = FALSE
	EndGlobalSection
	GlobalSection(ExtensibilityGlobals) = postSolution
		SolutionGuid = {E555E6C3-4514-426A-A011-3B269E192C8C}
	EndGlobalSection
EndGlobal
